langcode: en
status: true
dependencies: {  }
id: upgrade_d7_paragraphs_revisions_promo_block
class: Drupal\migrate\Plugin\Migration
field_plugin_method: null
cck_plugin_method: null
migration_tags:
  - 'Drupal 7'
  - Content
  - 'Paragraphs Revisions Content'
migration_group: migrate_drupal_7
label: 'Paragraphs Revisions (Promo block)'
source:
  plugin: d7_paragraphs_item_revision
  bundle: promo_block
process:
  id:
    -
      plugin: paragraphs_lookup
      tags:
        - 'Paragraphs Content'
      source: item_id
    -
      plugin: extract
      index:
        - id
  type:
    -
      plugin: get
      source: bundle
  field_paragraph_heading:
    -
      plugin: get
      source: field_paragraph_heading
    -
      plugin: media_wysiwyg_filter
  field_paragraph_text_content:
    -
      plugin: get
      source: field_paragraph_text_content
    -
      plugin: media_wysiwyg_filter
    -
      plugin: img_tag_to_embed
  field_paragraph_image:
    -
      plugin: media_migration_delta_sort
      source: field_paragraph_image
    -
      plugin: sub_process
      process:
        target_id:
          plugin: migration_lookup
          source: fid
          migration:
            - upgrade_d7_file_entity_image_public
            - upgrade_d7_file_entity_document_private
            - upgrade_d7_file_entity_document_public
            - upgrade_d7_file_entity_file_private
            - upgrade_d7_file_entity_image_private
            - upgrade_d7_file_entity_audio_private
            - upgrade_d7_file_entity_video_private
          no_stub: true
  field_paragraph_url:
    -
      plugin: field_link
      source: field_paragraph_url
  field_metatag:
    -
      plugin: d7_metatag_entities
      source: pseudo_metatag_entities
destination:
  plugin: 'entity_reference_revisions:paragraph'
  new_revisions: true
  default_bundle: promo_block
migration_dependencies:
  required:
    - upgrade_d7_paragraphs_content_teaser
    - upgrade_d7_paragraphs_document_list
    - upgrade_d7_paragraphs_embedded_link
    - upgrade_d7_paragraphs_image_link
    - upgrade_d7_paragraphs_promo_block
    - upgrade_d7_file_entity_image_public
    - upgrade_d7_file_entity_image_private
    - upgrade_d7_file_entity_image_public
  optional:
    - upgrade_d7_file_entity_image_public
    - upgrade_d7_file_entity_document_private
    - upgrade_d7_file_entity_file_private
    - upgrade_d7_file_entity_image_private
    - upgrade_d7_file_entity_audio_private
    - upgrade_d7_file_entity_video_private
    - upgrade_d7_file_entity_document_public
    - upgrade_d7_file_entity_image_public
    - upgrade_d7_file_entity_document_private
    - upgrade_d7_file_entity_document_public
    - upgrade_d7_file_entity_file_private
    - upgrade_d7_file_entity_image_private
    - upgrade_d7_file_entity_audio_private
    - upgrade_d7_file_entity_video_private
