uuid: fa252d9f-8429-447a-9fed-7552922e6393
langcode: en-gb
status: true
dependencies: {  }
_core:
  default_config_hash: 6V_HPKeNqpiXpB0f4K5ZO92MQXCJPaI6vkAxDX3XdHY
id: promo_block
label: 'Promo block'
icon_uuid: null
icon_default: null
description: 'Migrated from paragraph bundle Promo block'
behavior_plugins: {  }
