uuid: ac278f8e-32e5-409b-91d6-5ae7c0cd5935
langcode: en-gb
status: true
dependencies: {  }
_core:
  default_config_hash: IwQE1cd95ytrmyWGcNTi91B_e3FJUxKUy5BgDWRLyM0
id: text_block
label: 'Text block'
icon_uuid: null
icon_default: null
description: 'Migrated from paragraph bundle Text block'
behavior_plugins: {  }
